<Solution>
  <Folder Name="/src/" />
  <Folder Name="/src/API/">
    <Project Path="src/API/EntryPoint/EntryPoint.csproj" Id="4a8112dc-c727-406b-9385-d8c295dc192b" />
  </Folder>
  <Folder Name="/src/API/Shared/" />
  <Folder Name="/src/Modules/" />
  <Folder Name="/src/Modules/Catalog/">
    <Project Path="src/Modules/Catalog/Catalog.Application/Catalog.Application.csproj" Id="b76ae905-10af-4236-941e-a6f4a1cc6342" />
    <Project Path="src/Modules/Catalog/Catalog.Domain/Catalog.Domain.csproj" Id="2c5b2aff-b7a8-417d-8192-4a1b5c2a2d54" />
    <Project Path="src/Modules/Catalog/Catalog.Integration/Catalog.Integration.csproj" Id="043ee8c4-2ca4-4632-a619-04af67cfe628" />
    <Project Path="src/Modules/Catalog/Catalog.Persistence/Catalog.Persistence.csproj" Id="54b8aecc-457e-4832-96a8-03fac66700a8" />
    <Project Path="src/Modules/Catalog/Catalog.Presentation/Catalog.Presentation.csproj" Id="97fe062f-ce81-47ff-9c40-d0cffaae7e8f" />
  </Folder>
  <Folder Name="/src/Modules/Users/">
    <Project Path="src/Modules/Users/Users.Application/Users.Application.csproj" Id="9800dbf3-4fa9-42d0-9f05-bab0aee2ff3c" />
    <Project Path="src/Modules/Users/Users.Domain/Users.Domain.csproj" Id="44e73c7c-dec2-462d-86ab-9354fd903291" />
    <Project Path="src/Modules/Users/Users.Persistence/Users.Persistence.csproj" Id="50597ec8-210c-457a-9202-b13baa59626d" />
    <Project Path="src/Modules/Users/Users.Presentation/Users.Presentation.csproj" Id="41f90cee-77b2-41a8-94bd-cdbae875f8d4" />
  </Folder>
</Solution>
